// !$*UTF8*$!
{
	archiveVersion = 1;
	classes = {
	};
	objectVersion = 56;
	objects = {

/* Begin PBXBuildFile section */
		100000000000000000000001 /* NeteaseNowPlayingApp.swift in Sources */ = {isa = PBXBuildFile; fileRef = 200000000000000000000001 /* NeteaseNowPlayingApp.swift */; };
		100000000000000000000002 /* NowPlayingMonitor.swift in Sources */ = {isa = PBXBuildFile; fileRef = 200000000000000000000002 /* NowPlayingMonitor.swift */; };
		100000000000000000000003 /* NowPlayingReader.swift in Sources */ = {isa = PBXBuildFile; fileRef = 200000000000000000000003 /* NowPlayingReader.swift */; };
		100000000000000000000004 /* NowPlayingShared.swift in Sources */ = {isa = PBXBuildFile; fileRef = 200000000000000000000004 /* NowPlayingShared.swift */; };
		100000000000000000000005 /* NeteaseMusicWidget.swift in Sources */ = {isa = PBXBuildFile; fileRef = 200000000000000000000005 /* NeteaseMusicWidget.swift */; };
		100000000000000000000006 /* NowPlayingShared.swift in Sources */ = {isa = PBXBuildFile; fileRef = 200000000000000000000004 /* NowPlayingShared.swift */; };
		100000000000000000000007 /* NeteaseMusicWidget.appex in Embed App Extensions */ = {isa = PBXBuildFile; fileRef = 200000000000000000000012 /* NeteaseMusicWidget.appex */; settings = {ATTRIBUTES = (CodeSignOnCopy, RemoveHeadersOnCopy, ); }; };
		100000000000000000000008 /* WidgetKit.framework in Frameworks */ = {isa = PBXBuildFile; fileRef = 200000000000000000000013 /* WidgetKit.framework */; };
		100000000000000000000009 /* SwiftUI.framework in Frameworks */ = {isa = PBXBuildFile; fileRef = 200000000000000000000014 /* SwiftUI.framework */; };
		100000000000000000000010 /* WidgetKit.framework in Frameworks */ = {isa = PBXBuildFile; fileRef = 200000000000000000000013 /* WidgetKit.framework */; };
		100000000000000000000011 /* SwiftUI.framework in Frameworks */ = {isa = PBXBuildFile; fileRef = 200000000000000000000014 /* SwiftUI.framework */; };
		100000000000000000000012 /* AppKit.framework in Frameworks */ = {isa = PBXBuildFile; fileRef = 200000000000000000000015 /* AppKit.framework */; };
		100000000000000000000013 /* AppKit.framework in Frameworks */ = {isa = PBXBuildFile; fileRef = 200000000000000000000015 /* AppKit.framework */; };
		100000000000000000000014 /* Assets.xcassets in Resources */ = {isa = PBXBuildFile; fileRef = 200000000000000000000016 /* Assets.xcassets */; };
		100000000000000000000018 /* Assets.xcassets in Resources */ = {isa = PBXBuildFile; fileRef = 200000000000000000000016 /* Assets.xcassets */; };
		100000000000000000000015 /* PlaybackControlIntent.swift in Sources */ = {isa = PBXBuildFile; fileRef = 200000000000000000000017 /* PlaybackControlIntent.swift */; };
		100000000000000000000016 /* PlaybackControlIntent.swift in Sources */ = {isa = PBXBuildFile; fileRef = 200000000000000000000017 /* PlaybackControlIntent.swift */; };
		100000000000000000000017 /* PlaybackAppShortcuts.swift in Sources */ = {isa = PBXBuildFile; fileRef = 200000000000000000000018 /* PlaybackAppShortcuts.swift */; };
/* End PBXBuildFile section */

/* Begin PBXContainerItemProxy section */
		300000000000000000000001 /* PBXContainerItemProxy */ = {
			isa = PBXContainerItemProxy;
			containerPortal = 400000000000000000000001 /* Project object */;
			proxyType = 1;
			remoteGlobalIDString = 500000000000000000000002;
			remoteInfo = NeteaseMusicWidget;
		};
/* End PBXContainerItemProxy section */

/* Begin PBXCopyFilesBuildPhase section */
		600000000000000000000001 /* Embed App Extensions */ = {
			isa = PBXCopyFilesBuildPhase;
			buildActionMask = 2147483647;
			dstPath = "";
			dstSubfolderSpec = 13;
			files = (
				100000000000000000000007 /* NeteaseMusicWidget.appex in Embed App Extensions */,
			);
			name = "Embed App Extensions";
			runOnlyForDeploymentPostprocessing = 0;
		};
/* End PBXCopyFilesBuildPhase section */

/* Begin PBXFileReference section */
		200000000000000000000001 /* NeteaseNowPlayingApp.swift */ = {isa = PBXFileReference; lastKnownFileType = sourcecode.swift; path = NeteaseNowPlayingApp.swift; sourceTree = "<group>"; };
		200000000000000000000002 /* NowPlayingMonitor.swift */ = {isa = PBXFileReference; lastKnownFileType = sourcecode.swift; path = NowPlayingMonitor.swift; sourceTree = "<group>"; };
		200000000000000000000003 /* NowPlayingReader.swift */ = {isa = PBXFileReference; lastKnownFileType = sourcecode.swift; path = NowPlayingReader.swift; sourceTree = "<group>"; };
		200000000000000000000004 /* NowPlayingShared.swift */ = {isa = PBXFileReference; lastKnownFileType = sourcecode.swift; path = NowPlayingShared.swift; sourceTree = "<group>"; };
		200000000000000000000005 /* NeteaseMusicWidget.swift */ = {isa = PBXFileReference; lastKnownFileType = sourcecode.swift; path = NeteaseMusicWidget.swift; sourceTree = "<group>"; };
		200000000000000000000006 /* Info.plist */ = {isa = PBXFileReference; lastKnownFileType = text.plist.xml; path = Info.plist; sourceTree = "<group>"; };
		200000000000000000000007 /* NeteaseNowPlaying.entitlements */ = {isa = PBXFileReference; lastKnownFileType = text.plist.entitlements; path = NeteaseNowPlaying.entitlements; sourceTree = "<group>"; };
		200000000000000000000008 /* Info.plist */ = {isa = PBXFileReference; lastKnownFileType = text.plist.xml; path = Info.plist; sourceTree = "<group>"; };
		200000000000000000000009 /* NeteaseMusicWidget.entitlements */ = {isa = PBXFileReference; lastKnownFileType = text.plist.entitlements; path = NeteaseMusicWidget.entitlements; sourceTree = "<group>"; };
		200000000000000000000010 /* NeteaseNowPlaying.app */ = {isa = PBXFileReference; explicitFileType = wrapper.application; includeInIndex = 0; path = NeteaseNowPlaying.app; sourceTree = BUILT_PRODUCTS_DIR; };
		200000000000000000000012 /* NeteaseMusicWidget.appex */ = {isa = PBXFileReference; explicitFileType = "wrapper.app-extension"; includeInIndex = 0; path = NeteaseMusicWidget.appex; sourceTree = BUILT_PRODUCTS_DIR; };
		200000000000000000000013 /* WidgetKit.framework */ = {isa = PBXFileReference; lastKnownFileType = wrapper.framework; name = WidgetKit.framework; path = System/Library/Frameworks/WidgetKit.framework; sourceTree = SDKROOT; };
		200000000000000000000014 /* SwiftUI.framework */ = {isa = PBXFileReference; lastKnownFileType = wrapper.framework; name = SwiftUI.framework; path = System/Library/Frameworks/SwiftUI.framework; sourceTree = SDKROOT; };
		200000000000000000000015 /* AppKit.framework */ = {isa = PBXFileReference; lastKnownFileType = wrapper.framework; name = AppKit.framework; path = System/Library/Frameworks/AppKit.framework; sourceTree = SDKROOT; };
		200000000000000000000016 /* Assets.xcassets */ = {isa = PBXFileReference; lastKnownFileType = folder.assetcatalog; path = Assets.xcassets; sourceTree = "<group>"; };
		200000000000000000000017 /* PlaybackControlIntent.swift */ = {isa = PBXFileReference; lastKnownFileType = sourcecode.swift; path = PlaybackControlIntent.swift; sourceTree = "<group>"; };
		200000000000000000000018 /* PlaybackAppShortcuts.swift */ = {isa = PBXFileReference; lastKnownFileType = sourcecode.swift; path = PlaybackAppShortcuts.swift; sourceTree = "<group>"; };
/* End PBXFileReference section */

/* Begin PBXFrameworksBuildPhase section */
		700000000000000000000001 /* Frameworks */ = {
			isa = PBXFrameworksBuildPhase;
			buildActionMask = 2147483647;
			files = (
				100000000000000000000008 /* WidgetKit.framework in Frameworks */,
				100000000000000000000009 /* SwiftUI.framework in Frameworks */,
				100000000000000000000012 /* AppKit.framework in Frameworks */,
			);
			runOnlyForDeploymentPostprocessing = 0;
		};
		700000000000000000000002 /* Frameworks */ = {
			isa = PBXFrameworksBuildPhase;
			buildActionMask = 2147483647;
			files = (
				100000000000000000000010 /* WidgetKit.framework in Frameworks */,
				100000000000000000000011 /* SwiftUI.framework in Frameworks */,
				100000000000000000000013 /* AppKit.framework in Frameworks */,
			);
			runOnlyForDeploymentPostprocessing = 0;
		};
/* End PBXFrameworksBuildPhase section */

/* Begin PBXGroup section */
		800000000000000000000001 = {
			isa = PBXGroup;
			children = (
				800000000000000000000002 /* App */,
				800000000000000000000003 /* Widget */,
				800000000000000000000004 /* Shared */,
				200000000000000000000016 /* Assets.xcassets */,
				800000000000000000000005 /* Frameworks */,
				800000000000000000000006 /* Products */,
			);
			sourceTree = "<group>";
		};
		800000000000000000000002 /* App */ = {
			isa = PBXGroup;
			children = (
				200000000000000000000001 /* NeteaseNowPlayingApp.swift */,
				200000000000000000000002 /* NowPlayingMonitor.swift */,
				200000000000000000000003 /* NowPlayingReader.swift */,
				200000000000000000000018 /* PlaybackAppShortcuts.swift */,
				200000000000000000000006 /* Info.plist */,
				200000000000000000000007 /* NeteaseNowPlaying.entitlements */,
			);
			path = App;
			sourceTree = "<group>";
		};
		800000000000000000000003 /* Widget */ = {
			isa = PBXGroup;
			children = (
				200000000000000000000005 /* NeteaseMusicWidget.swift */,
				200000000000000000000008 /* Info.plist */,
				200000000000000000000009 /* NeteaseMusicWidget.entitlements */,
			);
			path = Widget;
			sourceTree = "<group>";
		};
		800000000000000000000004 /* Shared */ = {
			isa = PBXGroup;
			children = (
				200000000000000000000004 /* NowPlayingShared.swift */,
				200000000000000000000017 /* PlaybackControlIntent.swift */,
			);
			path = Shared;
			sourceTree = "<group>";
		};
		800000000000000000000005 /* Frameworks */ = {
			isa = PBXGroup;
			children = (
				200000000000000000000015 /* AppKit.framework */,
				200000000000000000000014 /* SwiftUI.framework */,
				200000000000000000000013 /* WidgetKit.framework */,
			);
			name = Frameworks;
			sourceTree = "<group>";
		};
		800000000000000000000006 /* Products */ = {
			isa = PBXGroup;
			children = (
				200000000000000000000010 /* NeteaseNowPlaying.app */,
				200000000000000000000012 /* NeteaseMusicWidget.appex */,
			);
			name = Products;
			sourceTree = "<group>";
		};
/* End PBXGroup section */

/* Begin PBXNativeTarget section */
		500000000000000000000001 /* NeteaseNowPlaying */ = {
			isa = PBXNativeTarget;
			buildConfigurationList = 900000000000000000000001 /* Build configuration list for PBXNativeTarget "NeteaseNowPlaying" */;
			buildPhases = (
				A00000000000000000000001 /* Sources */,
				700000000000000000000001 /* Frameworks */,
				D00000000000000000000001 /* Resources */,
				600000000000000000000001 /* Embed App Extensions */,
			);
			buildRules = (
			);
			dependencies = (
				B000000000000000000000001 /* PBXTargetDependency */,
			);
			name = NeteaseNowPlaying;
			productName = NeteaseNowPlaying;
			productReference = 200000000000000000000010 /* NeteaseNowPlaying.app */;
			productType = "com.apple.product-type.application";
		};
		500000000000000000000002 /* NeteaseMusicWidget */ = {
			isa = PBXNativeTarget;
			buildConfigurationList = 900000000000000000000002 /* Build configuration list for PBXNativeTarget "NeteaseMusicWidget" */;
			buildPhases = (
				A00000000000000000000002 /* Sources */,
				700000000000000000000002 /* Frameworks */,
				D00000000000000000000002 /* Resources */,
			);
			buildRules = (
			);
			dependencies = (
			);
			name = NeteaseMusicWidget;
			productName = NeteaseMusicWidget;
			productReference = 200000000000000000000012 /* NeteaseMusicWidget.appex */;
			productType = "com.apple.product-type.app-extension";
		};
/* End PBXNativeTarget section */

/* Begin PBXProject section */
		400000000000000000000001 /* Project object */ = {
			isa = PBXProject;
			attributes = {
				BuildIndependentTargetsInParallel = 1;
				LastSwiftUpdateCheck = 1500;
				LastUpgradeCheck = 1500;
				TargetAttributes = {
					500000000000000000000001 = {
						CreatedOnToolsVersion = 15.0;
					};
					500000000000000000000002 = {
						CreatedOnToolsVersion = 15.0;
					};
				};
			};
			buildConfigurationList = 900000000000000000000003 /* Build configuration list for PBXProject "NeteaseNowPlayingWidget" */;
			compatibilityVersion = "Xcode 14.0";
			developmentRegion = en;
			hasScannedForEncodings = 0;
			knownRegions = (
				en,
				Base,
			);
			mainGroup = 800000000000000000000001;
			productRefGroup = 800000000000000000000006 /* Products */;
			projectDirPath = "";
			projectRoot = "";
			targets = (
				500000000000000000000001 /* NeteaseNowPlaying */,
				500000000000000000000002 /* NeteaseMusicWidget */,
			);
		};
/* End PBXProject section */

/* Begin PBXResourcesBuildPhase section */
		D00000000000000000000001 /* Resources */ = {
			isa = PBXResourcesBuildPhase;
			buildActionMask = 2147483647;
			files = (
				100000000000000000000014 /* Assets.xcassets in Resources */,
			);
			runOnlyForDeploymentPostprocessing = 0;
		};
		D00000000000000000000002 /* Resources */ = {
			isa = PBXResourcesBuildPhase;
			buildActionMask = 2147483647;
			files = (
				100000000000000000000018 /* Assets.xcassets in Resources */,
			);
			runOnlyForDeploymentPostprocessing = 0;
		};
/* End PBXResourcesBuildPhase section */

/* Begin PBXSourcesBuildPhase section */
		A00000000000000000000001 /* Sources */ = {
			isa = PBXSourcesBuildPhase;
			buildActionMask = 2147483647;
			files = (
				100000000000000000000001 /* NeteaseNowPlayingApp.swift in Sources */,
				100000000000000000000002 /* NowPlayingMonitor.swift in Sources */,
				100000000000000000000003 /* NowPlayingReader.swift in Sources */,
				100000000000000000000004 /* NowPlayingShared.swift in Sources */,
				100000000000000000000015 /* PlaybackControlIntent.swift in Sources */,
				100000000000000000000017 /* PlaybackAppShortcuts.swift in Sources */,
			);
			runOnlyForDeploymentPostprocessing = 0;
		};
		A00000000000000000000002 /* Sources */ = {
			isa = PBXSourcesBuildPhase;
			buildActionMask = 2147483647;
			files = (
				100000000000000000000005 /* NeteaseMusicWidget.swift in Sources */,
				100000000000000000000006 /* NowPlayingShared.swift in Sources */,
				100000000000000000000016 /* PlaybackControlIntent.swift in Sources */,
			);
			runOnlyForDeploymentPostprocessing = 0;
		};
/* End PBXSourcesBuildPhase section */

/* Begin PBXTargetDependency section */
		B000000000000000000000001 /* PBXTargetDependency */ = {
			isa = PBXTargetDependency;
			target = 500000000000000000000002 /* NeteaseMusicWidget */;
			targetProxy = 300000000000000000000001 /* PBXContainerItemProxy */;
		};
/* End PBXTargetDependency section */

/* Begin XCBuildConfiguration section */
		C000000000000000000000001 /* Debug */ = {
			isa = XCBuildConfiguration;
			buildSettings = {
				CLANG_ANALYZER_NONNULL = YES;
				CLANG_ANALYZER_NUMBER_OBJECT_CONVERSION = YES_AGGRESSIVE;
				CLANG_CXX_LANGUAGE_STANDARD = "gnu++20";
				CLANG_ENABLE_MODULES = YES;
				CLANG_ENABLE_OBJC_ARC = YES;
				CLANG_ENABLE_OBJC_WEAK = YES;
				CLANG_WARN_BLOCK_CAPTURE_AUTORELEASING = YES;
				CLANG_WARN_BOOL_CONVERSION = YES;
				CLANG_WARN_COMMA = YES;
				CLANG_WARN_CONSTANT_CONVERSION = YES;
				CLANG_WARN_DEPRECATED_OBJC_IMPLEMENTATIONS = YES;
				CLANG_WARN_DIRECT_OBJC_ISA_USAGE = YES_ERROR;
				CLANG_WARN_DOCUMENTATION_COMMENTS = YES;
				CLANG_WARN_EMPTY_BODY = YES;
				CLANG_WARN_ENUM_CONVERSION = YES;
				CLANG_WARN_INFINITE_RECURSION = YES;
				CLANG_WARN_INT_CONVERSION = YES;
				CLANG_WARN_NON_LITERAL_NULL_CONVERSION = YES;
				CLANG_WARN_OBJC_IMPLICIT_RETAIN_SELF = YES;
				CLANG_WARN_OBJC_LITERAL_CONVERSION = YES;
				CLANG_WARN_OBJC_ROOT_CLASS = YES_ERROR;
				CLANG_WARN_QUOTED_INCLUDE_IN_FRAMEWORK_HEADER = YES;
				CLANG_WARN_RANGE_LOOP_ANALYSIS = YES;
				CLANG_WARN_STRICT_PROTOTYPES = YES;
				CLANG_WARN_SUSPICIOUS_MOVE = YES;
				CLANG_WARN_UNGUARDED_AVAILABILITY = YES_AGGRESSIVE;
				CLANG_WARN_UNREACHABLE_CODE = YES;
				CLANG_WARN__DUPLICATE_METHOD_MATCH = YES;
				COPY_PHASE_STRIP = NO;
				DEBUG_INFORMATION_FORMAT = dwarf;
				ENABLE_STRICT_OBJC_MSGSEND = YES;
				ENABLE_TESTABILITY = YES;
				GCC_C_LANGUAGE_STANDARD = gnu17;
				GCC_DYNAMIC_NO_PIC = NO;
				GCC_NO_COMMON_BLOCKS = YES;
				GCC_OPTIMIZATION_LEVEL = 0;
				GCC_PREPROCESSOR_DEFINITIONS = (
					"DEBUG=1",
					"$(inherited)",
				);
				GCC_WARN_64_TO_32_BIT_CONVERSION = YES;
				GCC_WARN_ABOUT_RETURN_TYPE = YES_ERROR;
				GCC_WARN_UNDECLARED_SELECTOR = YES;
				GCC_WARN_UNINITIALIZED_AUTOS = YES_AGGRESSIVE;
				GCC_WARN_UNUSED_FUNCTION = YES;
				GCC_WARN_UNUSED_VARIABLE = YES;
				MACOSX_DEPLOYMENT_TARGET = 14.0;
				MTL_ENABLE_DEBUG_INFO = INCLUDE_SOURCE;
				ONLY_ACTIVE_ARCH = YES;
				SDKROOT = macosx;
				SWIFT_ACTIVE_COMPILATION_CONDITIONS = DEBUG;
				SWIFT_OPTIMIZATION_LEVEL = "-Onone";
			};
			name = Debug;
		};
		C000000000000000000000002 /* Release */ = {
			isa = XCBuildConfiguration;
			buildSettings = {
				CLANG_ANALYZER_NONNULL = YES;
				CLANG_ANALYZER_NUMBER_OBJECT_CONVERSION = YES_AGGRESSIVE;
				CLANG_CXX_LANGUAGE_STANDARD = "gnu++20";
				CLANG_ENABLE_MODULES = YES;
				CLANG_ENABLE_OBJC_ARC = YES;
				CLANG_ENABLE_OBJC_WEAK = YES;
				CLANG_WARN_BLOCK_CAPTURE_AUTORELEASING = YES;
				CLANG_WARN_BOOL_CONVERSION = YES;
				CLANG_WARN_COMMA = YES;
				CLANG_WARN_CONSTANT_CONVERSION = YES;
				CLANG_WARN_DEPRECATED_OBJC_IMPLEMENTATIONS = YES;
				CLANG_WARN_DIRECT_OBJC_ISA_USAGE = YES_ERROR;
				CLANG_WARN_DOCUMENTATION_COMMENTS = YES;
				CLANG_WARN_EMPTY_BODY = YES;
				CLANG_WARN_ENUM_CONVERSION = YES;
				CLANG_WARN_INFINITE_RECURSION = YES;
				CLANG_WARN_INT_CONVERSION = YES;
				CLANG_WARN_NON_LITERAL_NULL_CONVERSION = YES_AGGRESSIVE;
				CLANG_WARN_OBJC_IMPLICIT_RETAIN_SELF = YES;
				CLANG_WARN_OBJC_LITERAL_CONVERSION = YES;
				CLANG_WARN_OBJC_ROOT_CLASS = YES_ERROR;
				CLANG_WARN_QUOTED_INCLUDE_IN_FRAMEWORK_HEADER = YES;
				CLANG_WARN_RANGE_LOOP_ANALYSIS = YES;
				CLANG_WARN_STRICT_PROTOTYPES = YES;
				CLANG_WARN_SUSPICIOUS_MOVE = YES;
				CLANG_WARN_UNGUARDED_AVAILABILITY = YES_AGGRESSIVE;
				CLANG_WARN_UNREACHABLE_CODE = YES;
				CLANG_WARN__DUPLICATE_METHOD_MATCH = YES;
				COPY_PHASE_STRIP = NO;
				DEBUG_INFORMATION_FORMAT = "dwarf-with-dsym";
				ENABLE_NS_ASSERTIONS = NO;
				ENABLE_STRICT_OBJC_MSGSEND = YES;
				GCC_C_LANGUAGE_STANDARD = gnu17;
				GCC_NO_COMMON_BLOCKS = YES;
				GCC_WARN_64_TO_32_BIT_CONVERSION = YES;
				GCC_WARN_ABOUT_RETURN_TYPE = YES_ERROR;
				GCC_WARN_UNDECLARED_SELECTOR = YES;
				GCC_WARN_UNINITIALIZED_AUTOS = YES_AGGRESSIVE;
				GCC_WARN_UNUSED_FUNCTION = YES;
				GCC_WARN_UNUSED_VARIABLE = YES;
				MACOSX_DEPLOYMENT_TARGET = 14.0;
				MTL_ENABLE_DEBUG_INFO = NO;
				SDKROOT = macosx;
				SWIFT_COMPILATION_MODE = wholemodule;
				SWIFT_OPTIMIZATION_LEVEL = "-O";
			};
			name = Release;
		};
		C000000000000000000000003 /* Debug */ = {
			isa = XCBuildConfiguration;
			buildSettings = {
				ASSETCATALOG_COMPILER_APPICON_NAME = AppIcon;
				CODE_SIGN_ENTITLEMENTS = App/NeteaseNowPlaying.entitlements;
				CODE_SIGN_STYLE = Automatic;
				COMBINE_HIDPI_IMAGES = YES;
				CURRENT_PROJECT_VERSION = 11;
				ENABLE_HARDENED_RUNTIME = YES;
				GENERATE_INFOPLIST_FILE = NO;
				INFOPLIST_FILE = App/Info.plist;
				LD_RUNPATH_SEARCH_PATHS = (
					"$(inherited)",
					"@executable_path/../Frameworks",
				);
				MARKETING_VERSION = 1.0.9;
				PRODUCT_BUNDLE_IDENTIFIER = com.marigold.NeteaseNowPlaying;
				PRODUCT_NAME = NeteaseNowPlaying;
				SWIFT_VERSION = 5.0;
			};
			name = Debug;
		};
		C000000000000000000000004 /* Release */ = {
			isa = XCBuildConfiguration;
			buildSettings = {
				ASSETCATALOG_COMPILER_APPICON_NAME = AppIcon;
				CODE_SIGN_ENTITLEMENTS = App/NeteaseNowPlaying.entitlements;
				CODE_SIGN_STYLE = Automatic;
				COMBINE_HIDPI_IMAGES = YES;
				CURRENT_PROJECT_VERSION = 11;
				ENABLE_HARDENED_RUNTIME = YES;
				GENERATE_INFOPLIST_FILE = NO;
				INFOPLIST_FILE = App/Info.plist;
				LD_RUNPATH_SEARCH_PATHS = (
					"$(inherited)",
					"@executable_path/../Frameworks",
				);
				MARKETING_VERSION = 1.0.9;
				PRODUCT_BUNDLE_IDENTIFIER = com.marigold.NeteaseNowPlaying;
				PRODUCT_NAME = NeteaseNowPlaying;
				SWIFT_VERSION = 5.0;
			};
			name = Release;
		};
		C000000000000000000000005 /* Debug */ = {
			isa = XCBuildConfiguration;
			buildSettings = {
				APPLICATION_EXTENSION_API_ONLY = YES;
				ASSETCATALOG_COMPILER_APPICON_NAME = AppIcon;
				CODE_SIGN_ENTITLEMENTS = Widget/NeteaseMusicWidget.entitlements;
				CODE_SIGN_STYLE = Automatic;
				CURRENT_PROJECT_VERSION = 11;
				GENERATE_INFOPLIST_FILE = NO;
				INFOPLIST_FILE = Widget/Info.plist;
				LD_RUNPATH_SEARCH_PATHS = (
					"$(inherited)",
					"@executable_path/../Frameworks",
					"@executable_path/../../../../Frameworks",
				);
				MARKETING_VERSION = 1.0.9;
				PRODUCT_BUNDLE_IDENTIFIER = com.marigold.NeteaseNowPlaying.widget;
				PRODUCT_NAME = NeteaseMusicWidget;
				SKIP_INSTALL = YES;
				SWIFT_VERSION = 5.0;
				WRAPPER_EXTENSION = appex;
			};
			name = Debug;
		};
		C000000000000000000000006 /* Release */ = {
			isa = XCBuildConfiguration;
			buildSettings = {
				APPLICATION_EXTENSION_API_ONLY = YES;
				ASSETCATALOG_COMPILER_APPICON_NAME = AppIcon;
				CODE_SIGN_ENTITLEMENTS = Widget/NeteaseMusicWidget.entitlements;
				CODE_SIGN_STYLE = Automatic;
				CURRENT_PROJECT_VERSION = 11;
				GENERATE_INFOPLIST_FILE = NO;
				INFOPLIST_FILE = Widget/Info.plist;
				LD_RUNPATH_SEARCH_PATHS = (
					"$(inherited)",
					"@executable_path/../Frameworks",
					"@executable_path/../../../../Frameworks",
				);
				MARKETING_VERSION = 1.0.9;
				PRODUCT_BUNDLE_IDENTIFIER = com.marigold.NeteaseNowPlaying.widget;
				PRODUCT_NAME = NeteaseMusicWidget;
				SKIP_INSTALL = YES;
				SWIFT_VERSION = 5.0;
				WRAPPER_EXTENSION = appex;
			};
			name = Release;
		};
/* End XCBuildConfiguration section */

/* Begin XCConfigurationList section */
		900000000000000000000001 /* Build configuration list for PBXNativeTarget "NeteaseNowPlaying" */ = {
			isa = XCConfigurationList;
			buildConfigurations = (
				C000000000000000000000003 /* Debug */,
				C000000000000000000000004 /* Release */,
			);
			defaultConfigurationIsVisible = 0;
			defaultConfigurationName = Release;
		};
		900000000000000000000002 /* Build configuration list for PBXNativeTarget "NeteaseMusicWidget" */ = {
			isa = XCConfigurationList;
			buildConfigurations = (
				C000000000000000000000005 /* Debug */,
				C000000000000000000000006 /* Release */,
			);
			defaultConfigurationIsVisible = 0;
			defaultConfigurationName = Release;
		};
		900000000000000000000003 /* Build configuration list for PBXProject "NeteaseNowPlayingWidget" */ = {
			isa = XCConfigurationList;
			buildConfigurations = (
				C000000000000000000000001 /* Debug */,
				C000000000000000000000002 /* Release */,
			);
			defaultConfigurationIsVisible = 0;
			defaultConfigurationName = Release;
		};
/* End XCConfigurationList section */
	};
	rootObject = 400000000000000000000001 /* Project object */;
}
